
Microsoft Visual Studio Solution File, Format Version 12.00
# Visual Studio Version 17
VisualStudioVersion = 17.11.35219.272
MinimumVisualStudioVersion = 10.0.40219.1
Project("{FAE04EC0-301F-11D3-BF4B-00C04F79EFBC}") = "pizza-backend-api", "pizza-backend-api.csproj", "{66D14248-D44F-4368-9F9D-63BFBBC0ED34}"
EndProject
Global
	GlobalSection(SolutionConfigurationPlatforms) = preSolution
		Debug|Any CPU = Debug|Any CPU
		Release|Any CPU = Release|Any CPU
	EndGlobalSection
	GlobalSection(ProjectConfigurationPlatforms) = postSolution
		{66D14248-D44F-4368-9F9D-63BFBBC0ED34}.Debug|Any CPU.ActiveCfg = Debug|Any CPU
		{66D14248-D44F-4368-9F9D-63BFBBC0ED34}.Debug|Any CPU.Build.0 = Debug|Any CPU
		{66D14248-D44F-4368-9F9D-63BFBBC0ED34}.Release|Any CPU.ActiveCfg = Release|Any CPU
		{66D14248-D44F-4368-9F9D-63BFBBC0ED34}.Release|Any CPU.Build.0 = Release|Any CPU
	EndGlobalSection
	GlobalSection(SolutionProperties) = preSolution
		HideSolutionNode = FALSE
	EndGlobalSection
	GlobalSection(ExtensibilityGlobals) = postSolution
		SolutionGuid = {2013C4AC-3CBD-443E-92E9-385DAB1656F2}
	EndGlobalSection
EndGlobal
